
Microsoft Visual Studio Solution File, Format Version 12.00
# Visual Studio Version 17
VisualStudioVersion = 17.14.37111.16 d17.14
MinimumVisualStudioVersion = 10.0.40219.1
Project("{8BC9CEB8-8B4A-11D0-8D11-00A0C91BC942}") = "Ejercicio 01", "Ejercicio 1\Ejercicio 1.vcxproj", "{6C966920-94D0-46A8-AD2B-39195969558C}"
EndProject
Project("{8BC9CEB8-8B4A-11D0-8D11-00A0C91BC942}") = "Ejercicio 02", "Ejercicio 2\Ejercicio 2.vcxproj", "{C73B8C1D-068B-4325-B7A9-3802B972817F}"
EndProject
Project("{8BC9CEB8-8B4A-11D0-8D11-00A0C91BC942}") = "Ejercicio 03", "Ejercicio 3\Ejercicio 3.vcxproj", "{4F7DF790-AA21-445B-83C3-CB566E5EB534}"
EndProject
Project("{8BC9CEB8-8B4A-11D0-8D11-00A0C91BC942}") = "Ejercicio 04", "Ejercicio 4\Ejercicio 4.vcxproj", "{6F527AD0-7C7F-4B4F-9FD5-A59E644F60C9}"
EndProject
Project("{8BC9CEB8-8B4A-11D0-8D11-00A0C91BC942}") = "Ejercicio 05", "Ejercicio 5\Ejercicio 5.vcxproj", "{F4E97AFA-8CA1-4A23-89B0-819529D09A8F}"
EndProject
Project("{8BC9CEB8-8B4A-11D0-8D11-00A0C91BC942}") = "Ejercicio 06", "Ejercicio 6\Ejercicio 6.vcxproj", "{CEC8E8BA-A315-4D8B-B260-CBFEB3A24020}"
EndProject
Project("{8BC9CEB8-8B4A-11D0-8D11-00A0C91BC942}") = "Ejercicio 07", "Ejercicio 7\Ejercicio 7.vcxproj", "{FD312188-1064-4622-B213-1C50A6A3320E}"
EndProject
Project("{8BC9CEB8-8B4A-11D0-8D11-00A0C91BC942}") = "Ejercicio 08", "Ejercicio 8\Ejercicio 8.vcxproj", "{7AEC0133-0EC8-4FD3-A6B5-5D13C6274D63}"
EndProject
Project("{8BC9CEB8-8B4A-11D0-8D11-00A0C91BC942}") = "Ejercicio 09", "Ejercicio 9\Ejercicio 9.vcxproj", "{FC4B5ECB-09C4-41FD-9A5F-E2619D060544}"
EndProject
Project("{8BC9CEB8-8B4A-11D0-8D11-00A0C91BC942}") = "Ejercicio 10", "Ejercicio 10\Ejercicio 10.vcxproj", "{56CCA938-35ED-4633-912E-B895373A4FA8}"
EndProject
Project("{8BC9CEB8-8B4A-11D0-8D11-00A0C91BC942}") = "Ejercicio 11", "Ejercicio 11\Ejercicio 11.vcxproj", "{E5E138B0-425D-4D3E-B6CA-1C4708FDE6CC}"
EndProject
Project("{8BC9CEB8-8B4A-11D0-8D11-00A0C91BC942}") = "Ejercicio 12", "Ejercicio 12\Ejercicio 12.vcxproj", "{5472EEB5-68AE-4EE3-9BA3-B728578B91E5}"
EndProject
Project("{8BC9CEB8-8B4A-11D0-8D11-00A0C91BC942}") = "Ejercicio 13", "Ejercicio 13\Ejercicio 13.vcxproj", "{88DD7FDC-AB4D-4B7C-850C-7E2B3A3B9B3B}"
EndProject
Project("{8BC9CEB8-8B4A-11D0-8D11-00A0C91BC942}") = "Ejercicio 14", "Ejercicio 14\Ejercicio 14.vcxproj", "{62D09089-877D-4C4C-AB6F-9DE3CDEF5A3A}"
EndProject
Project("{8BC9CEB8-8B4A-11D0-8D11-00A0C91BC942}") = "Ejercicio 15", "Ejercicio 15\Ejercicio 15.vcxproj", "{43AE10E9-1B61-44D1-BE95-E8548A607486}"
EndProject
Project("{8BC9CEB8-8B4A-11D0-8D11-00A0C91BC942}") = "Ejercicio 16", "Ejercicio 16\Ejercicio 16.vcxproj", "{8880A752-EF3B-4015-8330-E6C0E72B3F28}"
EndProject
Global
	GlobalSection(SolutionConfigurationPlatforms) = preSolution
		Debug|x64 = Debug|x64
		Debug|x86 = Debug|x86
		Release|x64 = Release|x64
		Release|x86 = Release|x86
	EndGlobalSection
	GlobalSection(ProjectConfigurationPlatforms) = postSolution
		{6C966920-94D0-46A8-AD2B-39195969558C}.Debug|x64.ActiveCfg = Debug|x64
		{6C966920-94D0-46A8-AD2B-39195969558C}.Debug|x64.Build.0 = Debug|x64
		{6C966920-94D0-46A8-AD2B-39195969558C}.Debug|x86.ActiveCfg = Debug|Win32
		{6C966920-94D0-46A8-AD2B-39195969558C}.Debug|x86.Build.0 = Debug|Win32
		{6C966920-94D0-46A8-AD2B-39195969558C}.Release|x64.ActiveCfg = Release|x64
		{6C966920-94D0-46A8-AD2B-39195969558C}.Release|x64.Build.0 = Release|x64
		{6C966920-94D0-46A8-AD2B-39195969558C}.Release|x86.ActiveCfg = Release|Win32
		{6C966920-94D0-46A8-AD2B-39195969558C}.Release|x86.Build.0 = Release|Win32
		{C73B8C1D-068B-4325-B7A9-3802B972817F}.Debug|x64.ActiveCfg = Debug|x64
		{C73B8C1D-068B-4325-B7A9-3802B972817F}.Debug|x64.Build.0 = Debug|x64
		{C73B8C1D-068B-4325-B7A9-3802B972817F}.Debug|x86.ActiveCfg = Debug|Win32
		{C73B8C1D-068B-4325-B7A9-3802B972817F}.Debug|x86.Build.0 = Debug|Win32
		{C73B8C1D-068B-4325-B7A9-3802B972817F}.Release|x64.ActiveCfg = Release|x64
		{C73B8C1D-068B-4325-B7A9-3802B972817F}.Release|x64.Build.0 = Release|x64
		{C73B8C1D-068B-4325-B7A9-3802B972817F}.Release|x86.ActiveCfg = Release|Win32
		{C73B8C1D-068B-4325-B7A9-3802B972817F}.Release|x86.Build.0 = Release|Win32
		{4F7DF790-AA21-445B-83C3-CB566E5EB534}.Debug|x64.ActiveCfg = Debug|x64
		{4F7DF790-AA21-445B-83C3-CB566E5EB534}.Debug|x64.Build.0 = Debug|x64
		{4F7DF790-AA21-445B-83C3-CB566E5EB534}.Debug|x86.ActiveCfg = Debug|Win32
		{4F7DF790-AA21-445B-83C3-CB566E5EB534}.Debug|x86.Build.0 = Debug|Win32
		{4F7DF790-AA21-445B-83C3-CB566E5EB534}.Release|x64.ActiveCfg = Release|x64
		{4F7DF790-AA21-445B-83C3-CB566E5EB534}.Release|x64.Build.0 = Release|x64
		{4F7DF790-AA21-445B-83C3-CB566E5EB534}.Release|x86.ActiveCfg = Release|Win32
		{4F7DF790-AA21-445B-83C3-CB566E5EB534}.Release|x86.Build.0 = Release|Win32
		{6F527AD0-7C7F-4B4F-9FD5-A59E644F60C9}.Debug|x64.ActiveCfg = Debug|x64
		{6F527AD0-7C7F-4B4F-9FD5-A59E644F60C9}.Debug|x64.Build.0 = Debug|x64
		{6F527AD0-7C7F-4B4F-9FD5-A59E644F60C9}.Debug|x86.ActiveCfg = Debug|Win32
		{6F527AD0-7C7F-4B4F-9FD5-A59E644F60C9}.Debug|x86.Build.0 = Debug|Win32
		{6F527AD0-7C7F-4B4F-9FD5-A59E644F60C9}.Release|x64.ActiveCfg = Release|x64
		{6F527AD0-7C7F-4B4F-9FD5-A59E644F60C9}.Release|x64.Build.0 = Release|x64
		{6F527AD0-7C7F-4B4F-9FD5-A59E644F60C9}.Release|x86.ActiveCfg = Release|Win32
		{6F527AD0-7C7F-4B4F-9FD5-A59E644F60C9}.Release|x86.Build.0 = Release|Win32
		{F4E97AFA-8CA1-4A23-89B0-819529D09A8F}.Debug|x64.ActiveCfg = Debug|x64
		{F4E97AFA-8CA1-4A23-89B0-819529D09A8F}.Debug|x64.Build.0 = Debug|x64
		{F4E97AFA-8CA1-4A23-89B0-819529D09A8F}.Debug|x86.ActiveCfg = Debug|Win32
		{F4E97AFA-8CA1-4A23-89B0-819529D09A8F}.Debug|x86.Build.0 = Debug|Win32
		{F4E97AFA-8CA1-4A23-89B0-819529D09A8F}.Release|x64.ActiveCfg = Release|x64
		{F4E97AFA-8CA1-4A23-89B0-819529D09A8F}.Release|x64.Build.0 = Release|x64
		{F4E97AFA-8CA1-4A23-89B0-819529D09A8F}.Release|x86.ActiveCfg = Release|Win32
		{F4E97AFA-8CA1-4A23-89B0-819529D09A8F}.Release|x86.Build.0 = Release|Win32
		{CEC8E8BA-A315-4D8B-B260-CBFEB3A24020}.Debug|x64.ActiveCfg = Debug|x64
		{CEC8E8BA-A315-4D8B-B260-CBFEB3A24020}.Debug|x64.Build.0 = Debug|x64
		{CEC8E8BA-A315-4D8B-B260-CBFEB3A24020}.Debug|x86.ActiveCfg = Debug|Win32
		{CEC8E8BA-A315-4D8B-B260-CBFEB3A24020}.Debug|x86.Build.0 = Debug|Win32
		{CEC8E8BA-A315-4D8B-B260-CBFEB3A24020}.Release|x64.ActiveCfg = Release|x64
		{CEC8E8BA-A315-4D8B-B260-CBFEB3A24020}.Release|x64.Build.0 = Release|x64
		{CEC8E8BA-A315-4D8B-B260-CBFEB3A24020}.Release|x86.ActiveCfg = Release|Win32
		{CEC8E8BA-A315-4D8B-B260-CBFEB3A24020}.Release|x86.Build.0 = Release|Win32
		{FD312188-1064-4622-B213-1C50A6A3320E}.Debug|x64.ActiveCfg = Debug|x64
		{FD312188-1064-4622-B213-1C50A6A3320E}.Debug|x64.Build.0 = Debug|x64
		{FD312188-1064-4622-B213-1C50A6A3320E}.Debug|x86.ActiveCfg = Debug|Win32
		{FD312188-1064-4622-B213-1C50A6A3320E}.Debug|x86.Build.0 = Debug|Win32
		{FD312188-1064-4622-B213-1C50A6A3320E}.Release|x64.ActiveCfg = Release|x64
		{FD312188-1064-4622-B213-1C50A6A3320E}.Release|x64.Build.0 = Release|x64
		{FD312188-1064-4622-B213-1C50A6A3320E}.Release|x86.ActiveCfg = Release|Win32
		{FD312188-1064-4622-B213-1C50A6A3320E}.Release|x86.Build.0 = Release|Win32
		{7AEC0133-0EC8-4FD3-A6B5-5D13C6274D63}.Debug|x64.ActiveCfg = Debug|x64
		{7AEC0133-0EC8-4FD3-A6B5-5D13C6274D63}.Debug|x64.Build.0 = Debug|x64
		{7AEC0133-0EC8-4FD3-A6B5-5D13C6274D63}.Debug|x86.ActiveCfg = Debug|Win32
		{7AEC0133-0EC8-4FD3-A6B5-5D13C6274D63}.Debug|x86.Build.0 = Debug|Win32
		{7AEC0133-0EC8-4FD3-A6B5-5D13C6274D63}.Release|x64.ActiveCfg = Release|x64
		{7AEC0133-0EC8-4FD3-A6B5-5D13C6274D63}.Release|x64.Build.0 = Release|x64
		{7AEC0133-0EC8-4FD3-A6B5-5D13C6274D63}.Release|x86.ActiveCfg = Release|Win32
		{7AEC0133-0EC8-4FD3-A6B5-5D13C6274D63}.Release|x86.Build.0 = Release|Win32
		{FC4B5ECB-09C4-41FD-9A5F-E2619D060544}.Debug|x64.ActiveCfg = Debug|x64
		{FC4B5ECB-09C4-41FD-9A5F-E2619D060544}.Debug|x64.Build.0 = Debug|x64
		{FC4B5ECB-09C4-41FD-9A5F-E2619D060544}.Debug|x86.ActiveCfg = Debug|Win32
		{FC4B5ECB-09C4-41FD-9A5F-E2619D060544}.Debug|x86.Build.0 = Debug|Win32
		{FC4B5ECB-09C4-41FD-9A5F-E2619D060544}.Release|x64.ActiveCfg = Release|x64
		{FC4B5ECB-09C4-41FD-9A5F-E2619D060544}.Release|x64.Build.0 = Release|x64
		{FC4B5ECB-09C4-41FD-9A5F-E2619D060544}.Release|x86.ActiveCfg = Release|Win32
		{FC4B5ECB-09C4-41FD-9A5F-E2619D060544}.Release|x86.Build.0 = Release|Win32
		{56CCA938-35ED-4633-912E-B895373A4FA8}.Debug|x64.ActiveCfg = Debug|x64
		{56CCA938-35ED-4633-912E-B895373A4FA8}.Debug|x64.Build.0 = Debug|x64
		{56CCA938-35ED-4633-912E-B895373A4FA8}.Debug|x86.ActiveCfg = Debug|Win32
		{56CCA938-35ED-4633-912E-B895373A4FA8}.Debug|x86.Build.0 = Debug|Win32
		{56CCA938-35ED-4633-912E-B895373A4FA8}.Release|x64.ActiveCfg = Release|x64
		{56CCA938-35ED-4633-912E-B895373A4FA8}.Release|x64.Build.0 = Release|x64
		{56CCA938-35ED-4633-912E-B895373A4FA8}.Release|x86.ActiveCfg = Release|Win32
		{56CCA938-35ED-4633-912E-B895373A4FA8}.Release|x86.Build.0 = Release|Win32
		{E5E138B0-425D-4D3E-B6CA-1C4708FDE6CC}.Debug|x64.ActiveCfg = Debug|x64
		{E5E138B0-425D-4D3E-B6CA-1C4708FDE6CC}.Debug|x64.Build.0 = Debug|x64
		{E5E138B0-425D-4D3E-B6CA-1C4708FDE6CC}.Debug|x86.ActiveCfg = Debug|Win32
		{E5E138B0-425D-4D3E-B6CA-1C4708FDE6CC}.Debug|x86.Build.0 = Debug|Win32
		{E5E138B0-425D-4D3E-B6CA-1C4708FDE6CC}.Release|x64.ActiveCfg = Release|x64
		{E5E138B0-425D-4D3E-B6CA-1C4708FDE6CC}.Release|x64.Build.0 = Release|x64
		{E5E138B0-425D-4D3E-B6CA-1C4708FDE6CC}.Release|x86.ActiveCfg = Release|Win32
		{E5E138B0-425D-4D3E-B6CA-1C4708FDE6CC}.Release|x86.Build.0 = Release|Win32
		{5472EEB5-68AE-4EE3-9BA3-B728578B91E5}.Debug|x64.ActiveCfg = Debug|x64
		{5472EEB5-68AE-4EE3-9BA3-B728578B91E5}.Debug|x64.Build.0 = Debug|x64
		{5472EEB5-68AE-4EE3-9BA3-B728578B91E5}.Debug|x86.ActiveCfg = Debug|Win32
		{5472EEB5-68AE-4EE3-9BA3-B728578B91E5}.Debug|x86.Build.0 = Debug|Win32
		{5472EEB5-68AE-4EE3-9BA3-B728578B91E5}.Release|x64.ActiveCfg = Release|x64
		{5472EEB5-68AE-4EE3-9BA3-B728578B91E5}.Release|x64.Build.0 = Release|x64
		{5472EEB5-68AE-4EE3-9BA3-B728578B91E5}.Release|x86.ActiveCfg = Release|Win32
		{5472EEB5-68AE-4EE3-9BA3-B728578B91E5}.Release|x86.Build.0 = Release|Win32
		{88DD7FDC-AB4D-4B7C-850C-7E2B3A3B9B3B}.Debug|x64.ActiveCfg = Debug|x64
		{88DD7FDC-AB4D-4B7C-850C-7E2B3A3B9B3B}.Debug|x64.Build.0 = Debug|x64
		{88DD7FDC-AB4D-4B7C-850C-7E2B3A3B9B3B}.Debug|x86.ActiveCfg = Debug|Win32
		{88DD7FDC-AB4D-4B7C-850C-7E2B3A3B9B3B}.Debug|x86.Build.0 = Debug|Win32
		{88DD7FDC-AB4D-4B7C-850C-7E2B3A3B9B3B}.Release|x64.ActiveCfg = Release|x64
		{88DD7FDC-AB4D-4B7C-850C-7E2B3A3B9B3B}.Release|x64.Build.0 = Release|x64
		{88DD7FDC-AB4D-4B7C-850C-7E2B3A3B9B3B}.Release|x86.ActiveCfg = Release|Win32
		{88DD7FDC-AB4D-4B7C-850C-7E2B3A3B9B3B}.Release|x86.Build.0 = Release|Win32
		{62D09089-877D-4C4C-AB6F-9DE3CDEF5A3A}.Debug|x64.ActiveCfg = Debug|x64
		{62D09089-877D-4C4C-AB6F-9DE3CDEF5A3A}.Debug|x64.Build.0 = Debug|x64
		{62D09089-877D-4C4C-AB6F-9DE3CDEF5A3A}.Debug|x86.ActiveCfg = Debug|Win32
		{62D09089-877D-4C4C-AB6F-9DE3CDEF5A3A}.Debug|x86.Build.0 = Debug|Win32
		{62D09089-877D-4C4C-AB6F-9DE3CDEF5A3A}.Release|x64.ActiveCfg = Release|x64
		{62D09089-877D-4C4C-AB6F-9DE3CDEF5A3A}.Release|x64.Build.0 = Release|x64
		{62D09089-877D-4C4C-AB6F-9DE3CDEF5A3A}.Release|x86.ActiveCfg = Release|Win32
		{62D09089-877D-4C4C-AB6F-9DE3CDEF5A3A}.Release|x86.Build.0 = Release|Win32
		{43AE10E9-1B61-44D1-BE95-E8548A607486}.Debug|x64.ActiveCfg = Debug|x64
		{43AE10E9-1B61-44D1-BE95-E8548A607486}.Debug|x64.Build.0 = Debug|x64
		{43AE10E9-1B61-44D1-BE95-E8548A607486}.Debug|x86.ActiveCfg = Debug|Win32
		{43AE10E9-1B61-44D1-BE95-E8548A607486}.Debug|x86.Build.0 = Debug|Win32
		{43AE10E9-1B61-44D1-BE95-E8548A607486}.Release|x64.ActiveCfg = Release|x64
		{43AE10E9-1B61-44D1-BE95-E8548A607486}.Release|x64.Build.0 = Release|x64
		{43AE10E9-1B61-44D1-BE95-E8548A607486}.Release|x86.ActiveCfg = Release|Win32
		{43AE10E9-1B61-44D1-BE95-E8548A607486}.Release|x86.Build.0 = Release|Win32
		{8880A752-EF3B-4015-8330-E6C0E72B3F28}.Debug|x64.ActiveCfg = Debug|x64
		{8880A752-EF3B-4015-8330-E6C0E72B3F28}.Debug|x64.Build.0 = Debug|x64
		{8880A752-EF3B-4015-8330-E6C0E72B3F28}.Debug|x86.ActiveCfg = Debug|Win32
		{8880A752-EF3B-4015-8330-E6C0E72B3F28}.Debug|x86.Build.0 = Debug|Win32
		{8880A752-EF3B-4015-8330-E6C0E72B3F28}.Release|x64.ActiveCfg = Release|x64
		{8880A752-EF3B-4015-8330-E6C0E72B3F28}.Release|x64.Build.0 = Release|x64
		{8880A752-EF3B-4015-8330-E6C0E72B3F28}.Release|x86.ActiveCfg = Release|Win32
		{8880A752-EF3B-4015-8330-E6C0E72B3F28}.Release|x86.Build.0 = Release|Win32
	EndGlobalSection
	GlobalSection(SolutionProperties) = preSolution
		HideSolutionNode = FALSE
	EndGlobalSection
	GlobalSection(ExtensibilityGlobals) = postSolution
		SolutionGuid = {055BBE70-6BA4-4C6E-9CDE-32ED844FDC37}
	EndGlobalSection
EndGlobal
